
Microsoft Visual Studio Solution File, Format Version 12.00
# Visual Studio Version 16
VisualStudioVersion = 16.0.31005.135
MinimumVisualStudioVersion = 10.0.40219.1
Project("{FAE04EC0-301F-11D3-BF4B-00C04F79EFBC}") = "ReviewArea", "ReviewArea.csproj", "{18237BA5-50FC-4F4C-83FF-7D5D858EA629}"
EndProject
Global
	GlobalSection(SolutionConfigurationPlatforms) = preSolution
		Debug|Any CPU = Debug|Any CPU
		Release|Any CPU = Release|Any CPU
	EndGlobalSection
	GlobalSection(ProjectConfigurationPlatforms) = postSolution
		{18237BA5-50FC-4F4C-83FF-7D5D858EA629}.Debug|Any CPU.ActiveCfg = Debug|Any CPU
		{18237BA5-50FC-4F4C-83FF-7D5D858EA629}.Debug|Any CPU.Build.0 = Debug|Any CPU
		{18237BA5-50FC-4F4C-83FF-7D5D858EA629}.Release|Any CPU.ActiveCfg = Release|Any CPU
		{18237BA5-50FC-4F4C-83FF-7D5D858EA629}.Release|Any CPU.Build.0 = Release|Any CPU
	EndGlobalSection
	GlobalSection(SolutionProperties) = preSolution
		HideSolutionNode = FALSE
	EndGlobalSection
	GlobalSection(ExtensibilityGlobals) = postSolution
		SolutionGuid = {FBBE1830-D724-417E-AD2A-95B99C9659A1}
	EndGlobalSection
EndGlobal
